
Microsoft Visual Studio Solution File, Format Version 12.00
# Visual Studio Version 17
VisualStudioVersion = 17.7.34221.43
MinimumVisualStudioVersion = 10.0.40219.1
Project("{FAE04EC0-301F-11D3-BF4B-00C04F79EFBC}") = "UserFrontEnd", "UserFrontEnd\UserFrontEnd.csproj", "{55242E90-2854-4D0D-A2C0-1D80AB462097}"
EndProject
Global
	GlobalSection(SolutionConfigurationPlatforms) = preSolution
		Debug|Any CPU = Debug|Any CPU
		Release|Any CPU = Release|Any CPU
	EndGlobalSection
	GlobalSection(ProjectConfigurationPlatforms) = postSolution
		{55242E90-2854-4D0D-A2C0-1D80AB462097}.Debug|Any CPU.ActiveCfg = Debug|Any CPU
		{55242E90-2854-4D0D-A2C0-1D80AB462097}.Debug|Any CPU.Build.0 = Debug|Any CPU
		{55242E90-2854-4D0D-A2C0-1D80AB462097}.Release|Any CPU.ActiveCfg = Release|Any CPU
		{55242E90-2854-4D0D-A2C0-1D80AB462097}.Release|Any CPU.Build.0 = Release|Any CPU
	EndGlobalSection
	GlobalSection(SolutionProperties) = preSolution
		HideSolutionNode = FALSE
	EndGlobalSection
	GlobalSection(ExtensibilityGlobals) = postSolution
		SolutionGuid = {A49A33FE-2356-4005-ACA2-BA3336110FA8}
	EndGlobalSection
EndGlobal
